# This file was autogenerated by Stack.
# You should not edit this file by hand.
# For more information, please see the documentation at:
#   https://docs.haskellstack.org/en/stable/lock_files

packages:
- completed:
    subdir: full
    name: nyan-interpolation
    version: '0.9'
    git: https://github.com/serokell/nyan-interpolation.git
    pantry-tree:
      size: 714
      sha256: ede424e6010640f31a223865f2136570ca1870b5ae5ffeeebfc499c4f7043482
    commit: 5e158057b167275d2150454e2bb731cfe686ea7a
  original:
    subdir: full
    git: https://github.com/serokell/nyan-interpolation.git
    commit: 5e158057b167275d2150454e2bb731cfe686ea7a
- completed:
    subdir: core
    name: nyan-interpolation-core
    version: '0.9'
    git: https://github.com/serokell/nyan-interpolation.git
    pantry-tree:
      size: 1516
      sha256: 59d1c732629b06d0035229dccce484d6b4c3078d6bb3e493317afddc9be233df
    commit: 5e158057b167275d2150454e2bb731cfe686ea7a
  original:
    subdir: core
    git: https://github.com/serokell/nyan-interpolation.git
    commit: 5e158057b167275d2150454e2bb731cfe686ea7a
- completed:
    name: slacker
    version: 0.1.0.0
    git: https://github.com/velveteer/slacker.git
    pantry-tree:
      size: 2306
      sha256: ef957747f26a8bd00587a30644e63788295e659a334953d9a79c8680bbfa3e0d
    commit: bf8e13bbc566f92f900d2cc92ebd8a6f1e46334f
  original:
    git: https://github.com/velveteer/slacker.git
    commit: bf8e13bbc566f92f900d2cc92ebd8a6f1e46334f
- completed:
    name: tztime
    version: 0.1.0.0
    git: https://github.com/serokell/tztime.git
    pantry-tree:
      size: 2728
      sha256: 8e1442aea3adc276360168234b44f48d55de6482eca9bd0d70315bf122c4e6df
    commit: 79034a1afc072e859df1ef8f58c2a1cdc04c78a3
  original:
    git: https://github.com/serokell/tztime.git
    commit: 79034a1afc072e859df1ef8f58c2a1cdc04c78a3
- completed:
    name: doctest-parallel
    version: 0.3.0
    git: https://github.com/martijnbastiaan/doctest-parallel
    pantry-tree:
      size: 9901
      sha256: 3d74b7d47c117b1d0b990e32f27af1b11be6fc2c09fdded041fad49bd17c1690
    commit: 112b85b55c63dae1cc52b5216efe03873f1acc06
  original:
    git: https://github.com/martijnbastiaan/doctest-parallel
    commit: 112b85b55c63dae1cc52b5216efe03873f1acc06
- completed:
    hackage: monad-logger-aeson-0.3.1.0@sha256:dbb1f816d00a820982094362551e20582de0a27c337d430fa7080dcacbe66f34,5193
    pantry-tree:
      size: 5103
      sha256: 6e213a5fd0d3cd17fb4011b0c7181373bd836a86ae82fea5700b44cfc3d9eb01
  original:
    hackage: monad-logger-aeson-0.3.1.0@sha256:dbb1f816d00a820982094362551e20582de0a27c337d430fa7080dcacbe66f34,5193
- completed:
    hackage: context-0.2.0.1@sha256:b5a1390a5ad11b7edd0449c9ef96823f082bff4988bd09583e37a4e93e9aad10,1891
    pantry-tree:
      size: 952
      sha256: ebb043dd007864588c6b1676a0d30e521deab4353a3f19716f6f6f7d52b62817
  original:
    hackage: context-0.2.0.1@sha256:b5a1390a5ad11b7edd0449c9ef96823f082bff4988bd09583e37a4e93e9aad10,1891
snapshots:
- completed:
    size: 619399
    url: https://raw.githubusercontent.com/commercialhaskell/stackage-snapshots/master/lts/19/23.yaml
    sha256: f5d9002479d87103fd070f17cfe71fcd2147676f1e47a2dabca5ab91a42b846d
  original: lts-19.23
