# This file was autogenerated by Stack.
# You should not edit this file by hand.
# For more information, please see the documentation at:
#   https://docs.haskellstack.org/en/stable/lock_files

packages:
- completed:
    subdir: full
    name: nyan-interpolation
    version: '0.9'
    git: https://github.com/bitmappergit/nyan-interpolation.git
    pantry-tree:
      size: 714
      sha256: bba420e826f49ea14b64f3d969f32c72bd8f14840b3884dfa11df134a5671a14
    commit: 60fce24eb01cfb693d1def533bdaa0dad00f72e4
  original:
    subdir: full
    git: https://github.com/bitmappergit/nyan-interpolation.git
    commit: 60fce24eb01cfb693d1def533bdaa0dad00f72e4
- completed:
    subdir: core
    name: nyan-interpolation-core
    version: '0.9'
    git: https://github.com/bitmappergit/nyan-interpolation.git
    pantry-tree:
      size: 1516
      sha256: 59d1c732629b06d0035229dccce484d6b4c3078d6bb3e493317afddc9be233df
    commit: 60fce24eb01cfb693d1def533bdaa0dad00f72e4
  original:
    subdir: core
    git: https://github.com/bitmappergit/nyan-interpolation.git
    commit: 60fce24eb01cfb693d1def533bdaa0dad00f72e4
- completed:
    name: slacker
    version: 0.1.0.0
    git: https://github.com/serokell/slacker
    pantry-tree:
      size: 1823
      sha256: 40a6cd804ddea3ebe679f031573b65ea13681de007d81043607cee463c92d101
    commit: ce9df4e3bc7383a1c83c3bd507048894cd5bf287
  original:
    git: https://github.com/serokell/slacker
    commit: ce9df4e3bc7383a1c83c3bd507048894cd5bf287
- completed:
    subdir: monad-logger-aeson
    name: monad-logger-aeson
    version: 0.2.0.1
    git: https://github.com/jship/monad-logger-aeson
    pantry-tree:
      size: 5103
      sha256: f221efc9a29a358c63b571cc3fb8e86cdcab3ee6aa29c8d4395ca85adb8fe2af
    commit: fa87cb7d829c8edb0aaebd5f84c064942b0b9411
  original:
    subdir: monad-logger-aeson
    git: https://github.com/jship/monad-logger-aeson
    commit: fa87cb7d829c8edb0aaebd5f84c064942b0b9411
- completed:
    subdir: context
    name: context
    version: 0.2.0.0
    git: https://github.com/jship/context/
    pantry-tree:
      size: 952
      sha256: b041ec197787d7cef078a2de33a74853179821e3083882f22b6d185e5764d75e
    commit: ac965bdfc47b33c6b5a8c47ae1396752a6b0e2b5
  original:
    subdir: context
    git: https://github.com/jship/context/
    commit: ac965bdfc47b33c6b5a8c47ae1396752a6b0e2b5
snapshots:
- completed:
    size: 619399
    url: https://raw.githubusercontent.com/commercialhaskell/stackage-snapshots/master/lts/19/23.yaml
    sha256: f5d9002479d87103fd070f17cfe71fcd2147676f1e47a2dabca5ab91a42b846d
  original: lts-19.23
